<?xml version="1.0" encoding="utf-8"?>
<Project ToolsVersion="4.0" xmlns="http://schemas.microsoft.com/developer/msbuild/2003">
  <ItemGroup>
    <ClCompile Include="dllmain.cpp" />
  </ItemGroup>
  <ItemGroup>
    <Filter Include="Uranium">
      <UniqueIdentifier>{a9a9d908-f08b-4532-9c11-21bc5f4403fc}</UniqueIdentifier>
    </Filter>
    <Filter Include="Unreal">
      <UniqueIdentifier>{40a04361-21fe-4db9-af7c-cf76112a6306}</UniqueIdentifier>
    </Filter>
  </ItemGroup>
  <ItemGroup>
    <ClInclude Include="util.h">
      <Filter>Uranium</Filter>
    </ClInclude>
    <ClInclude Include="consolecolor.h">
      <Filter>Uranium</Filter>
    </ClInclude>
    <ClInclude Include="skCrypter.h">
      <Filter>Uranium</Filter>
    </ClInclude>
    <ClInclude Include="enginehooks.h">
      <Filter>Uranium</Filter>
    </ClInclude>
    <ClInclude Include="globals.h">
      <Filter>Unreal</Filter>
    </ClInclude>
    <ClInclude Include="engine.h">
      <Filter>Unreal</Filter>
    </ClInclude>
    <ClInclude Include="hooks.h">
      <Filter>Unreal</Filter>
    </ClInclude>
    <ClInclude Include="functions.h">
      <Filter>Unreal</Filter>
    </ClInclude>
  </ItemGroup>
</Project>